{
  "name": "NewProject_1",
  "version": "3.4.1",
  "lockfileVersion": 1,
  "requires": true,
  "dependencies": {
    "creator-ts-language-service": {
      "version": "file:../../Dev/Repos/Cocos/editor-3d/packages/creator-ts-language-service",
      "dev": true,
      "dependencies": {
        "typescript": {
          "version": "4.5.5",
          "resolved": "https://registry.npmmirror.com/typescript/download/typescript-4.5.5.tgz",
          "integrity": "sha512-TCTIul70LyWe6IJWT8QSYeA54WQe8EjQFU4wY52Fasj5UKx88LNYKCgBEHcOMOrFF1rKGbD8v/xcNWVUq9SymA=="
        }
      }
    },
    "typescript": {
      "version": "4.5.5",
      "resolved": "https://registry.npmmirror.com/typescript/download/typescript-4.5.5.tgz",
      "integrity": "sha512-TCTIul70LyWe6IJWT8QSYeA54WQe8EjQFU4wY52Fasj5UKx88LNYKCgBEHcOMOrFF1rKGbD8v/xcNWVUq9SymA==",
      "dev": true
    }
  }
}
